
Microsoft Visual Studio Solution File, Format Version 12.00
# Visual Studio Version 16
VisualStudioVersion = 16.0.31129.286
MinimumVisualStudioVersion = 10.0.40219.1
Project("{FAE04EC0-301F-11D3-BF4B-00C04F79EFBC}") = "WeatherAPI", "WeatherAPI.csproj", "{6DE69A70-582D-4AC8-839D-1FCC0C573800}"
EndProject
Global
	GlobalSection(SolutionConfigurationPlatforms) = preSolution
		Debug|Any CPU = Debug|Any CPU
		Release|Any CPU = Release|Any CPU
	EndGlobalSection
	GlobalSection(ProjectConfigurationPlatforms) = postSolution
		{6DE69A70-582D-4AC8-839D-1FCC0C573800}.Debug|Any CPU.ActiveCfg = Debug|Any CPU
		{6DE69A70-582D-4AC8-839D-1FCC0C573800}.Debug|Any CPU.Build.0 = Debug|Any CPU
		{6DE69A70-582D-4AC8-839D-1FCC0C573800}.Release|Any CPU.ActiveCfg = Release|Any CPU
		{6DE69A70-582D-4AC8-839D-1FCC0C573800}.Release|Any CPU.Build.0 = Release|Any CPU
	EndGlobalSection
	GlobalSection(SolutionProperties) = preSolution
		HideSolutionNode = FALSE
	EndGlobalSection
	GlobalSection(ExtensibilityGlobals) = postSolution
		SolutionGuid = {2969474F-C364-4265-A695-0F8465F85020}
	EndGlobalSection
EndGlobal
